
Microsoft Visual Studio Solution File, Format Version 12.00
# Visual Studio Version 17
VisualStudioVersion = 17.10.35122.118
MinimumVisualStudioVersion = 10.0.40219.1
Project("{FAE04EC0-301F-11D3-BF4B-00C04F79EFBC}") = "FastFoodApp", "FastFoodApp\FastFoodApp.csproj", "{B21FFD56-2570-4339-9335-7563EFA3A2C8}"
EndProject
Global
	GlobalSection(SolutionConfigurationPlatforms) = preSolution
		Debug|Any CPU = Debug|Any CPU
		Release|Any CPU = Release|Any CPU
	EndGlobalSection
	GlobalSection(ProjectConfigurationPlatforms) = postSolution
		{B21FFD56-2570-4339-9335-7563EFA3A2C8}.Debug|Any CPU.ActiveCfg = Debug|Any CPU
		{B21FFD56-2570-4339-9335-7563EFA3A2C8}.Debug|Any CPU.Build.0 = Debug|Any CPU
		{B21FFD56-2570-4339-9335-7563EFA3A2C8}.Release|Any CPU.ActiveCfg = Release|Any CPU
		{B21FFD56-2570-4339-9335-7563EFA3A2C8}.Release|Any CPU.Build.0 = Release|Any CPU
	EndGlobalSection
	GlobalSection(SolutionProperties) = preSolution
		HideSolutionNode = FALSE
	EndGlobalSection
	GlobalSection(ExtensibilityGlobals) = postSolution
		SolutionGuid = {3F9A3B44-491E-4B83-97A2-7E2258A0EF9E}
	EndGlobalSection
EndGlobal
